
Microsoft Visual Studio Solution File, Format Version 12.00
# Visual Studio Version 17
VisualStudioVersion = 17.0.31903.59
MinimumVisualStudioVersion = 10.0.40219.1
Project("{FAE04EC0-301F-11D3-BF4B-00C04F79EFBC}") = "DtReader.Web", "DtReader.Web\DtReader.Web.csproj", "{E76C4D3D-FBAE-47F4-A5C2-5EF8D6A1AFC9}"
EndProject
Project("{2150E333-8FDC-42A3-9474-1A3956D46DE8}") = "SolutionItems", "SolutionItems", "{2F21315C-8A76-4158-BC0D-AA3FAE9E4EF4}"
	ProjectSection(SolutionItems) = preProject
		.gitignore = .gitignore
	EndProjectSection
EndProject
Project("{FAE04EC0-301F-11D3-BF4B-00C04F79EFBC}") = "DtReader.Core", "DtReader.Core\DtReader.Core.csproj", "{DBCE6ED4-FF82-400A-904F-52E8A41A8F1F}"
EndProject
Project("{FAE04EC0-301F-11D3-BF4B-00C04F79EFBC}") = "DtReader.Data.Sqlite", "DtReader.Data.Sqlite\DtReader.Data.Sqlite.csproj", "{B905240D-4E4A-4B30-AF88-1122043BB277}"
EndProject
Project("{FAE04EC0-301F-11D3-BF4B-00C04F79EFBC}") = "DtReader.Data.Sqlite.DbUp", "DtReader.Data.Sqlite.DbUp\DtReader.Data.Sqlite.DbUp.csproj", "{7F509286-AE13-4D0F-BB95-87AB52E0FEFF}"
EndProject
Project("{FAE04EC0-301F-11D3-BF4B-00C04F79EFBC}") = "DtReader.Tests", "DtReader.Tests\DtReader.Tests.csproj", "{E08B1C84-3D63-4D8F-9F1E-BFD57ED17BC3}"
EndProject
Global
	GlobalSection(SolutionConfigurationPlatforms) = preSolution
		Debug|Any CPU = Debug|Any CPU
		Debug|x64 = Debug|x64
		Debug|x86 = Debug|x86
		Release|Any CPU = Release|Any CPU
		Release|x64 = Release|x64
		Release|x86 = Release|x86
	EndGlobalSection
	GlobalSection(ProjectConfigurationPlatforms) = postSolution
		{E76C4D3D-FBAE-47F4-A5C2-5EF8D6A1AFC9}.Debug|Any CPU.ActiveCfg = Debug|Any CPU
		{E76C4D3D-FBAE-47F4-A5C2-5EF8D6A1AFC9}.Debug|Any CPU.Build.0 = Debug|Any CPU
		{E76C4D3D-FBAE-47F4-A5C2-5EF8D6A1AFC9}.Debug|x64.ActiveCfg = Debug|Any CPU
		{E76C4D3D-FBAE-47F4-A5C2-5EF8D6A1AFC9}.Debug|x64.Build.0 = Debug|Any CPU
		{E76C4D3D-FBAE-47F4-A5C2-5EF8D6A1AFC9}.Debug|x86.ActiveCfg = Debug|Any CPU
		{E76C4D3D-FBAE-47F4-A5C2-5EF8D6A1AFC9}.Debug|x86.Build.0 = Debug|Any CPU
		{E76C4D3D-FBAE-47F4-A5C2-5EF8D6A1AFC9}.Release|Any CPU.ActiveCfg = Release|Any CPU
		{E76C4D3D-FBAE-47F4-A5C2-5EF8D6A1AFC9}.Release|Any CPU.Build.0 = Release|Any CPU
		{E76C4D3D-FBAE-47F4-A5C2-5EF8D6A1AFC9}.Release|x64.ActiveCfg = Release|Any CPU
		{E76C4D3D-FBAE-47F4-A5C2-5EF8D6A1AFC9}.Release|x64.Build.0 = Release|Any CPU
		{E76C4D3D-FBAE-47F4-A5C2-5EF8D6A1AFC9}.Release|x86.ActiveCfg = Release|Any CPU
		{E76C4D3D-FBAE-47F4-A5C2-5EF8D6A1AFC9}.Release|x86.Build.0 = Release|Any CPU
		{DBCE6ED4-FF82-400A-904F-52E8A41A8F1F}.Debug|Any CPU.ActiveCfg = Debug|Any CPU
		{DBCE6ED4-FF82-400A-904F-52E8A41A8F1F}.Debug|Any CPU.Build.0 = Debug|Any CPU
		{DBCE6ED4-FF82-400A-904F-52E8A41A8F1F}.Debug|x64.ActiveCfg = Debug|Any CPU
		{DBCE6ED4-FF82-400A-904F-52E8A41A8F1F}.Debug|x64.Build.0 = Debug|Any CPU
		{DBCE6ED4-FF82-400A-904F-52E8A41A8F1F}.Debug|x86.ActiveCfg = Debug|Any CPU
		{DBCE6ED4-FF82-400A-904F-52E8A41A8F1F}.Debug|x86.Build.0 = Debug|Any CPU
		{DBCE6ED4-FF82-400A-904F-52E8A41A8F1F}.Release|Any CPU.ActiveCfg = Release|Any CPU
		{DBCE6ED4-FF82-400A-904F-52E8A41A8F1F}.Release|Any CPU.Build.0 = Release|Any CPU
		{DBCE6ED4-FF82-400A-904F-52E8A41A8F1F}.Release|x64.ActiveCfg = Release|Any CPU
		{DBCE6ED4-FF82-400A-904F-52E8A41A8F1F}.Release|x64.Build.0 = Release|Any CPU
		{DBCE6ED4-FF82-400A-904F-52E8A41A8F1F}.Release|x86.ActiveCfg = Release|Any CPU
		{DBCE6ED4-FF82-400A-904F-52E8A41A8F1F}.Release|x86.Build.0 = Release|Any CPU
		{B905240D-4E4A-4B30-AF88-1122043BB277}.Debug|Any CPU.ActiveCfg = Debug|Any CPU
		{B905240D-4E4A-4B30-AF88-1122043BB277}.Debug|Any CPU.Build.0 = Debug|Any CPU
		{B905240D-4E4A-4B30-AF88-1122043BB277}.Debug|x64.ActiveCfg = Debug|Any CPU
		{B905240D-4E4A-4B30-AF88-1122043BB277}.Debug|x64.Build.0 = Debug|Any CPU
		{B905240D-4E4A-4B30-AF88-1122043BB277}.Debug|x86.ActiveCfg = Debug|Any CPU
		{B905240D-4E4A-4B30-AF88-1122043BB277}.Debug|x86.Build.0 = Debug|Any CPU
		{B905240D-4E4A-4B30-AF88-1122043BB277}.Release|Any CPU.ActiveCfg = Release|Any CPU
		{B905240D-4E4A-4B30-AF88-1122043BB277}.Release|Any CPU.Build.0 = Release|Any CPU
		{B905240D-4E4A-4B30-AF88-1122043BB277}.Release|x64.ActiveCfg = Release|Any CPU
		{B905240D-4E4A-4B30-AF88-1122043BB277}.Release|x64.Build.0 = Release|Any CPU
		{B905240D-4E4A-4B30-AF88-1122043BB277}.Release|x86.ActiveCfg = Release|Any CPU
		{B905240D-4E4A-4B30-AF88-1122043BB277}.Release|x86.Build.0 = Release|Any CPU
		{7F509286-AE13-4D0F-BB95-87AB52E0FEFF}.Debug|Any CPU.ActiveCfg = Debug|Any CPU
		{7F509286-AE13-4D0F-BB95-87AB52E0FEFF}.Debug|Any CPU.Build.0 = Debug|Any CPU
		{7F509286-AE13-4D0F-BB95-87AB52E0FEFF}.Debug|x64.ActiveCfg = Debug|Any CPU
		{7F509286-AE13-4D0F-BB95-87AB52E0FEFF}.Debug|x64.Build.0 = Debug|Any CPU
		{7F509286-AE13-4D0F-BB95-87AB52E0FEFF}.Debug|x86.ActiveCfg = Debug|Any CPU
		{7F509286-AE13-4D0F-BB95-87AB52E0FEFF}.Debug|x86.Build.0 = Debug|Any CPU
		{7F509286-AE13-4D0F-BB95-87AB52E0FEFF}.Release|Any CPU.ActiveCfg = Release|Any CPU
		{7F509286-AE13-4D0F-BB95-87AB52E0FEFF}.Release|Any CPU.Build.0 = Release|Any CPU
		{7F509286-AE13-4D0F-BB95-87AB52E0FEFF}.Release|x64.ActiveCfg = Release|Any CPU
		{7F509286-AE13-4D0F-BB95-87AB52E0FEFF}.Release|x64.Build.0 = Release|Any CPU
		{7F509286-AE13-4D0F-BB95-87AB52E0FEFF}.Release|x86.ActiveCfg = Release|Any CPU
		{7F509286-AE13-4D0F-BB95-87AB52E0FEFF}.Release|x86.Build.0 = Release|Any CPU
		{E08B1C84-3D63-4D8F-9F1E-BFD57ED17BC3}.Debug|Any CPU.ActiveCfg = Debug|Any CPU
		{E08B1C84-3D63-4D8F-9F1E-BFD57ED17BC3}.Debug|Any CPU.Build.0 = Debug|Any CPU
		{E08B1C84-3D63-4D8F-9F1E-BFD57ED17BC3}.Debug|x64.ActiveCfg = Debug|Any CPU
		{E08B1C84-3D63-4D8F-9F1E-BFD57ED17BC3}.Debug|x64.Build.0 = Debug|Any CPU
		{E08B1C84-3D63-4D8F-9F1E-BFD57ED17BC3}.Debug|x86.ActiveCfg = Debug|Any CPU
		{E08B1C84-3D63-4D8F-9F1E-BFD57ED17BC3}.Debug|x86.Build.0 = Debug|Any CPU
		{E08B1C84-3D63-4D8F-9F1E-BFD57ED17BC3}.Release|Any CPU.ActiveCfg = Release|Any CPU
		{E08B1C84-3D63-4D8F-9F1E-BFD57ED17BC3}.Release|Any CPU.Build.0 = Release|Any CPU
		{E08B1C84-3D63-4D8F-9F1E-BFD57ED17BC3}.Release|x64.ActiveCfg = Release|Any CPU
		{E08B1C84-3D63-4D8F-9F1E-BFD57ED17BC3}.Release|x64.Build.0 = Release|Any CPU
		{E08B1C84-3D63-4D8F-9F1E-BFD57ED17BC3}.Release|x86.ActiveCfg = Release|Any CPU
		{E08B1C84-3D63-4D8F-9F1E-BFD57ED17BC3}.Release|x86.Build.0 = Release|Any CPU
	EndGlobalSection
	GlobalSection(SolutionProperties) = preSolution
		HideSolutionNode = FALSE
	EndGlobalSection
EndGlobal
